
Microsoft Visual Studio Solution File, Format Version 12.00
# Visual Studio Version 16
VisualStudioVersion = 16.0.28803.452
MinimumVisualStudioVersion = 10.0.40219.1
Project("{FAE04EC0-301F-11D3-BF4B-00C04F79EFBC}") = "Select2-MultiSelect", "Select2-MultiSelect\Select2-MultiSelect.csproj", "{38B22D6F-3A1F-4EDE-ACB0-FFEA87B183B9}"
EndProject
Global
	GlobalSection(SolutionConfigurationPlatforms) = preSolution
		Debug|Any CPU = Debug|Any CPU
		Release|Any CPU = Release|Any CPU
	EndGlobalSection
	GlobalSection(ProjectConfigurationPlatforms) = postSolution
		{38B22D6F-3A1F-4EDE-ACB0-FFEA87B183B9}.Debug|Any CPU.ActiveCfg = Debug|Any CPU
		{38B22D6F-3A1F-4EDE-ACB0-FFEA87B183B9}.Debug|Any CPU.Build.0 = Debug|Any CPU
		{38B22D6F-3A1F-4EDE-ACB0-FFEA87B183B9}.Release|Any CPU.ActiveCfg = Release|Any CPU
		{38B22D6F-3A1F-4EDE-ACB0-FFEA87B183B9}.Release|Any CPU.Build.0 = Release|Any CPU
	EndGlobalSection
	GlobalSection(SolutionProperties) = preSolution
		HideSolutionNode = FALSE
	EndGlobalSection
	GlobalSection(ExtensibilityGlobals) = postSolution
		SolutionGuid = {9C6C4B5F-7B8A-4CC3-8BF0-4C96BF2AB058}
	EndGlobalSection
EndGlobal
